
Microsoft Visual Studio Solution File, Format Version 12.00
# Visual Studio 15
VisualStudioVersion = 15.0.26124.0
MinimumVisualStudioVersion = 15.0.26124.0
Project("{FAE04EC0-301F-11D3-BF4B-00C04F79EFBC}") = "Domain", "Domain\Domain.csproj", "{699E38CF-860E-4CF2-AE55-E827B31DD3B4}"
EndProject
Project("{FAE04EC0-301F-11D3-BF4B-00C04F79EFBC}") = "Application", "Application\Application.csproj", "{2B4503F5-1506-46B0-AAD9-93DE2C2C592B}"
EndProject
Project("{FAE04EC0-301F-11D3-BF4B-00C04F79EFBC}") = "Persistence", "Persistence\Persistence.csproj", "{4B165F10-CECF-4028-9D02-CB1BA88BEA16}"
EndProject
Project("{FAE04EC0-301F-11D3-BF4B-00C04F79EFBC}") = "API", "API\API.csproj", "{37568100-EC70-4482-91AA-E0AAA1B7EA2A}"
EndProject
Global
	GlobalSection(SolutionConfigurationPlatforms) = preSolution
		Debug|Any CPU = Debug|Any CPU
		Debug|x64 = Debug|x64
		Debug|x86 = Debug|x86
		Release|Any CPU = Release|Any CPU
		Release|x64 = Release|x64
		Release|x86 = Release|x86
	EndGlobalSection
	GlobalSection(SolutionProperties) = preSolution
		HideSolutionNode = FALSE
	EndGlobalSection
	GlobalSection(ProjectConfigurationPlatforms) = postSolution
		{699E38CF-860E-4CF2-AE55-E827B31DD3B4}.Debug|Any CPU.ActiveCfg = Debug|Any CPU
		{699E38CF-860E-4CF2-AE55-E827B31DD3B4}.Debug|Any CPU.Build.0 = Debug|Any CPU
		{699E38CF-860E-4CF2-AE55-E827B31DD3B4}.Debug|x64.ActiveCfg = Debug|Any CPU
		{699E38CF-860E-4CF2-AE55-E827B31DD3B4}.Debug|x64.Build.0 = Debug|Any CPU
		{699E38CF-860E-4CF2-AE55-E827B31DD3B4}.Debug|x86.ActiveCfg = Debug|Any CPU
		{699E38CF-860E-4CF2-AE55-E827B31DD3B4}.Debug|x86.Build.0 = Debug|Any CPU
		{699E38CF-860E-4CF2-AE55-E827B31DD3B4}.Release|Any CPU.ActiveCfg = Release|Any CPU
		{699E38CF-860E-4CF2-AE55-E827B31DD3B4}.Release|Any CPU.Build.0 = Release|Any CPU
		{699E38CF-860E-4CF2-AE55-E827B31DD3B4}.Release|x64.ActiveCfg = Release|Any CPU
		{699E38CF-860E-4CF2-AE55-E827B31DD3B4}.Release|x64.Build.0 = Release|Any CPU
		{699E38CF-860E-4CF2-AE55-E827B31DD3B4}.Release|x86.ActiveCfg = Release|Any CPU
		{699E38CF-860E-4CF2-AE55-E827B31DD3B4}.Release|x86.Build.0 = Release|Any CPU
		{2B4503F5-1506-46B0-AAD9-93DE2C2C592B}.Debug|Any CPU.ActiveCfg = Debug|Any CPU
		{2B4503F5-1506-46B0-AAD9-93DE2C2C592B}.Debug|Any CPU.Build.0 = Debug|Any CPU
		{2B4503F5-1506-46B0-AAD9-93DE2C2C592B}.Debug|x64.ActiveCfg = Debug|Any CPU
		{2B4503F5-1506-46B0-AAD9-93DE2C2C592B}.Debug|x64.Build.0 = Debug|Any CPU
		{2B4503F5-1506-46B0-AAD9-93DE2C2C592B}.Debug|x86.ActiveCfg = Debug|Any CPU
		{2B4503F5-1506-46B0-AAD9-93DE2C2C592B}.Debug|x86.Build.0 = Debug|Any CPU
		{2B4503F5-1506-46B0-AAD9-93DE2C2C592B}.Release|Any CPU.ActiveCfg = Release|Any CPU
		{2B4503F5-1506-46B0-AAD9-93DE2C2C592B}.Release|Any CPU.Build.0 = Release|Any CPU
		{2B4503F5-1506-46B0-AAD9-93DE2C2C592B}.Release|x64.ActiveCfg = Release|Any CPU
		{2B4503F5-1506-46B0-AAD9-93DE2C2C592B}.Release|x64.Build.0 = Release|Any CPU
		{2B4503F5-1506-46B0-AAD9-93DE2C2C592B}.Release|x86.ActiveCfg = Release|Any CPU
		{2B4503F5-1506-46B0-AAD9-93DE2C2C592B}.Release|x86.Build.0 = Release|Any CPU
		{4B165F10-CECF-4028-9D02-CB1BA88BEA16}.Debug|Any CPU.ActiveCfg = Debug|Any CPU
		{4B165F10-CECF-4028-9D02-CB1BA88BEA16}.Debug|Any CPU.Build.0 = Debug|Any CPU
		{4B165F10-CECF-4028-9D02-CB1BA88BEA16}.Debug|x64.ActiveCfg = Debug|Any CPU
		{4B165F10-CECF-4028-9D02-CB1BA88BEA16}.Debug|x64.Build.0 = Debug|Any CPU
		{4B165F10-CECF-4028-9D02-CB1BA88BEA16}.Debug|x86.ActiveCfg = Debug|Any CPU
		{4B165F10-CECF-4028-9D02-CB1BA88BEA16}.Debug|x86.Build.0 = Debug|Any CPU
		{4B165F10-CECF-4028-9D02-CB1BA88BEA16}.Release|Any CPU.ActiveCfg = Release|Any CPU
		{4B165F10-CECF-4028-9D02-CB1BA88BEA16}.Release|Any CPU.Build.0 = Release|Any CPU
		{4B165F10-CECF-4028-9D02-CB1BA88BEA16}.Release|x64.ActiveCfg = Release|Any CPU
		{4B165F10-CECF-4028-9D02-CB1BA88BEA16}.Release|x64.Build.0 = Release|Any CPU
		{4B165F10-CECF-4028-9D02-CB1BA88BEA16}.Release|x86.ActiveCfg = Release|Any CPU
		{4B165F10-CECF-4028-9D02-CB1BA88BEA16}.Release|x86.Build.0 = Release|Any CPU
		{37568100-EC70-4482-91AA-E0AAA1B7EA2A}.Debug|Any CPU.ActiveCfg = Debug|Any CPU
		{37568100-EC70-4482-91AA-E0AAA1B7EA2A}.Debug|Any CPU.Build.0 = Debug|Any CPU
		{37568100-EC70-4482-91AA-E0AAA1B7EA2A}.Debug|x64.ActiveCfg = Debug|Any CPU
		{37568100-EC70-4482-91AA-E0AAA1B7EA2A}.Debug|x64.Build.0 = Debug|Any CPU
		{37568100-EC70-4482-91AA-E0AAA1B7EA2A}.Debug|x86.ActiveCfg = Debug|Any CPU
		{37568100-EC70-4482-91AA-E0AAA1B7EA2A}.Debug|x86.Build.0 = Debug|Any CPU
		{37568100-EC70-4482-91AA-E0AAA1B7EA2A}.Release|Any CPU.ActiveCfg = Release|Any CPU
		{37568100-EC70-4482-91AA-E0AAA1B7EA2A}.Release|Any CPU.Build.0 = Release|Any CPU
		{37568100-EC70-4482-91AA-E0AAA1B7EA2A}.Release|x64.ActiveCfg = Release|Any CPU
		{37568100-EC70-4482-91AA-E0AAA1B7EA2A}.Release|x64.Build.0 = Release|Any CPU
		{37568100-EC70-4482-91AA-E0AAA1B7EA2A}.Release|x86.ActiveCfg = Release|Any CPU
		{37568100-EC70-4482-91AA-E0AAA1B7EA2A}.Release|x86.Build.0 = Release|Any CPU
	EndGlobalSection
EndGlobal
